
Microsoft Visual Studio Solution File, Format Version 12.00
# Visual Studio Version 17
VisualStudioVersion = 17.4.33103.184
MinimumVisualStudioVersion = 10.0.40219.1
Project("{FAE04EC0-301F-11D3-BF4B-00C04F79EFBC}") = "RazorTube", "RazorTube\RazorTube.csproj", "{A3EA81F8-AE0B-4F6E-A359-AEDCC4704125}"
EndProject
Global
	GlobalSection(SolutionConfigurationPlatforms) = preSolution
		Debug|Any CPU = Debug|Any CPU
		Release|Any CPU = Release|Any CPU
	EndGlobalSection
	GlobalSection(ProjectConfigurationPlatforms) = postSolution
		{A3EA81F8-AE0B-4F6E-A359-AEDCC4704125}.Debug|Any CPU.ActiveCfg = Debug|Any CPU
		{A3EA81F8-AE0B-4F6E-A359-AEDCC4704125}.Debug|Any CPU.Build.0 = Debug|Any CPU
		{A3EA81F8-AE0B-4F6E-A359-AEDCC4704125}.Release|Any CPU.ActiveCfg = Release|Any CPU
		{A3EA81F8-AE0B-4F6E-A359-AEDCC4704125}.Release|Any CPU.Build.0 = Release|Any CPU
	EndGlobalSection
	GlobalSection(SolutionProperties) = preSolution
		HideSolutionNode = FALSE
	EndGlobalSection
	GlobalSection(ExtensibilityGlobals) = postSolution
		SolutionGuid = {ADA113EB-5251-4944-AA59-949E3FD967A0}
	EndGlobalSection
EndGlobal
